
Microsoft Visual Studio Solution File, Format Version 12.00
# Visual Studio Version 17
VisualStudioVersion = 17.4.33213.308
MinimumVisualStudioVersion = 10.0.40219.1
Project("{9A19103F-16F7-4668-BE54-9A1E7A4F7556}") = "KampIntro", "KampIntro\KampIntro.csproj", "{A945CDAF-AAAE-49E2-B05F-8B8B1A7E81D3}"
EndProject
Project("{9A19103F-16F7-4668-BE54-9A1E7A4F7556}") = "Metodlar", "Metodlar\Metodlar.csproj", "{18515D96-8E7E-4052-B815-86860295A23C}"
EndProject
Project("{FAE04EC0-301F-11D3-BF4B-00C04F79EFBC}") = "Matematik", "Matematik\Matematik.csproj", "{932CAE29-5A33-4FA1-A30D-86FD88DFBDEA}"
EndProject
Project("{FAE04EC0-301F-11D3-BF4B-00C04F79EFBC}") = "DegerVeReferansTip", "DegerVeReferansTip\DegerVeReferansTip.csproj", "{A6DBF44A-CCAA-4CF7-BCA0-5665ACE0A07F}"
EndProject
Global
	GlobalSection(SolutionConfigurationPlatforms) = preSolution
		Debug|Any CPU = Debug|Any CPU
		Release|Any CPU = Release|Any CPU
	EndGlobalSection
	GlobalSection(ProjectConfigurationPlatforms) = postSolution
		{A945CDAF-AAAE-49E2-B05F-8B8B1A7E81D3}.Debug|Any CPU.ActiveCfg = Debug|Any CPU
		{A945CDAF-AAAE-49E2-B05F-8B8B1A7E81D3}.Debug|Any CPU.Build.0 = Debug|Any CPU
		{A945CDAF-AAAE-49E2-B05F-8B8B1A7E81D3}.Release|Any CPU.ActiveCfg = Release|Any CPU
		{A945CDAF-AAAE-49E2-B05F-8B8B1A7E81D3}.Release|Any CPU.Build.0 = Release|Any CPU
		{18515D96-8E7E-4052-B815-86860295A23C}.Debug|Any CPU.ActiveCfg = Debug|Any CPU
		{18515D96-8E7E-4052-B815-86860295A23C}.Debug|Any CPU.Build.0 = Debug|Any CPU
		{18515D96-8E7E-4052-B815-86860295A23C}.Release|Any CPU.ActiveCfg = Release|Any CPU
		{18515D96-8E7E-4052-B815-86860295A23C}.Release|Any CPU.Build.0 = Release|Any CPU
		{932CAE29-5A33-4FA1-A30D-86FD88DFBDEA}.Debug|Any CPU.ActiveCfg = Debug|Any CPU
		{932CAE29-5A33-4FA1-A30D-86FD88DFBDEA}.Debug|Any CPU.Build.0 = Debug|Any CPU
		{932CAE29-5A33-4FA1-A30D-86FD88DFBDEA}.Release|Any CPU.ActiveCfg = Release|Any CPU
		{932CAE29-5A33-4FA1-A30D-86FD88DFBDEA}.Release|Any CPU.Build.0 = Release|Any CPU
		{A6DBF44A-CCAA-4CF7-BCA0-5665ACE0A07F}.Debug|Any CPU.ActiveCfg = Debug|Any CPU
		{A6DBF44A-CCAA-4CF7-BCA0-5665ACE0A07F}.Debug|Any CPU.Build.0 = Debug|Any CPU
		{A6DBF44A-CCAA-4CF7-BCA0-5665ACE0A07F}.Release|Any CPU.ActiveCfg = Release|Any CPU
		{A6DBF44A-CCAA-4CF7-BCA0-5665ACE0A07F}.Release|Any CPU.Build.0 = Release|Any CPU
	EndGlobalSection
	GlobalSection(SolutionProperties) = preSolution
		HideSolutionNode = FALSE
	EndGlobalSection
	GlobalSection(ExtensibilityGlobals) = postSolution
		SolutionGuid = {1DCCFDE7-3A2B-4A88-B66C-99245FB10B2D}
	EndGlobalSection
EndGlobal
